// !$*UTF8*$!
{
	archiveVersion = 1;
	classes = {
	};
	objectVersion = 48;
	objects = {

/* Begin PBXBuildFile section */
		211196AA1F8254D80070C17A /* CalculatorBrain.swift in Sources */ = {isa = PBXBuildFile; fileRef = 211196A91F8254D70070C17A /* CalculatorBrain.swift */; };
		21617C681F8231A300DB6A55 /* AppDelegate.swift in Sources */ = {isa = PBXBuildFile; fileRef = 21617C671F8231A300DB6A55 /* AppDelegate.swift */; };
		21617C6A1F8231A300DB6A55 /* CalculatorVC.swift in Sources */ = {isa = PBXBuildFile; fileRef = 21617C691F8231A300DB6A55 /* CalculatorVC.swift */; };
		21617C6D1F8231A300DB6A55 /* Main.storyboard in Resources */ = {isa = PBXBuildFile; fileRef = 21617C6B1F8231A300DB6A55 /* Main.storyboard */; };
		21617C6F1F8231A300DB6A55 /* Assets.xcassets in Resources */ = {isa = PBXBuildFile; fileRef = 21617C6E1F8231A300DB6A55 /* Assets.xcassets */; };
		21617C721F8231A300DB6A55 /* LaunchScreen.storyboard in Resources */ = {isa = PBXBuildFile; fileRef = 21617C701F8231A300DB6A55 /* LaunchScreen.storyboard */; };
		218219F71FD9E6E900E5E23D /* Double.swift in Sources */ = {isa = PBXBuildFile; fileRef = 218219F61FD9E6E900E5E23D /* Double.swift */; };
		218219F91FD9E6F400E5E23D /* Int.swift in Sources */ = {isa = PBXBuildFile; fileRef = 218219F81FD9E6F400E5E23D /* Int.swift */; };
		218219FD1FD9E74500E5E23D /* String.swift in Sources */ = {isa = PBXBuildFile; fileRef = 218219FC1FD9E74500E5E23D /* String.swift */; };
		218219FF1FD9E7BD00E5E23D /* OutputProtocol.swift in Sources */ = {isa = PBXBuildFile; fileRef = 218219FE1FD9E7BD00E5E23D /* OutputProtocol.swift */; };
		219081841F878FA40041696A /* InputVC.swift in Sources */ = {isa = PBXBuildFile; fileRef = 219081831F878FA40041696A /* InputVC.swift */; };
		219081861F8790220041696A /* OutputVC.swift in Sources */ = {isa = PBXBuildFile; fileRef = 219081851F8790220041696A /* OutputVC.swift */; };
		21A1F99F1F8B8E0B009AF45A /* CalculatorFeatures.swift in Sources */ = {isa = PBXBuildFile; fileRef = 21A1F99E1F8B8E0B009AF45A /* CalculatorFeatures.swift */; };
		21BEFA281F9B461D00D30C16 /* ButtonStyle.swift in Sources */ = {isa = PBXBuildFile; fileRef = 21BEFA271F9B461D00D30C16 /* ButtonStyle.swift */; };
/* End PBXBuildFile section */

/* Begin PBXFileReference section */
		211196A91F8254D70070C17A /* CalculatorBrain.swift */ = {isa = PBXFileReference; lastKnownFileType = sourcecode.swift; path = CalculatorBrain.swift; sourceTree = "<group>"; };
		21617C641F8231A300DB6A55 /* Calculator_Prototype.app */ = {isa = PBXFileReference; explicitFileType = wrapper.application; includeInIndex = 0; path = Calculator_Prototype.app; sourceTree = BUILT_PRODUCTS_DIR; };
		21617C671F8231A300DB6A55 /* AppDelegate.swift */ = {isa = PBXFileReference; lastKnownFileType = sourcecode.swift; path = AppDelegate.swift; sourceTree = "<group>"; };
		21617C691F8231A300DB6A55 /* CalculatorVC.swift */ = {isa = PBXFileReference; lastKnownFileType = sourcecode.swift; path = CalculatorVC.swift; sourceTree = "<group>"; };
		21617C6C1F8231A300DB6A55 /* Base */ = {isa = PBXFileReference; lastKnownFileType = file.storyboard; name = Base; path = Base.lproj/Main.storyboard; sourceTree = "<group>"; };
		21617C6E1F8231A300DB6A55 /* Assets.xcassets */ = {isa = PBXFileReference; lastKnownFileType = folder.assetcatalog; path = Assets.xcassets; sourceTree = "<group>"; };
		21617C711F8231A300DB6A55 /* Base */ = {isa = PBXFileReference; lastKnownFileType = file.storyboard; name = Base; path = Base.lproj/LaunchScreen.storyboard; sourceTree = "<group>"; };
		21617C731F8231A300DB6A55 /* Info.plist */ = {isa = PBXFileReference; lastKnownFileType = text.plist.xml; path = Info.plist; sourceTree = "<group>"; };
		218219F61FD9E6E900E5E23D /* Double.swift */ = {isa = PBXFileReference; lastKnownFileType = sourcecode.swift; path = Double.swift; sourceTree = "<group>"; };
		218219F81FD9E6F400E5E23D /* Int.swift */ = {isa = PBXFileReference; lastKnownFileType = sourcecode.swift; path = Int.swift; sourceTree = "<group>"; };
		218219FC1FD9E74500E5E23D /* String.swift */ = {isa = PBXFileReference; lastKnownFileType = sourcecode.swift; path = String.swift; sourceTree = "<group>"; };
		218219FE1FD9E7BD00E5E23D /* OutputProtocol.swift */ = {isa = PBXFileReference; lastKnownFileType = sourcecode.swift; path = OutputProtocol.swift; sourceTree = "<group>"; };
		219081831F878FA40041696A /* InputVC.swift */ = {isa = PBXFileReference; lastKnownFileType = sourcecode.swift; path = InputVC.swift; sourceTree = "<group>"; };
		219081851F8790220041696A /* OutputVC.swift */ = {isa = PBXFileReference; lastKnownFileType = sourcecode.swift; path = OutputVC.swift; sourceTree = "<group>"; };
		21A1F99E1F8B8E0B009AF45A /* CalculatorFeatures.swift */ = {isa = PBXFileReference; lastKnownFileType = sourcecode.swift; path = CalculatorFeatures.swift; sourceTree = "<group>"; };
		21BEFA271F9B461D00D30C16 /* ButtonStyle.swift */ = {isa = PBXFileReference; lastKnownFileType = sourcecode.swift; path = ButtonStyle.swift; sourceTree = "<group>"; };
/* End PBXFileReference section */

/* Begin PBXFrameworksBuildPhase section */
		21617C611F8231A300DB6A55 /* Frameworks */ = {
			isa = PBXFrameworksBuildPhase;
			buildActionMask = 2147483647;
			files = (
			);
			runOnlyForDeploymentPostprocessing = 0;
		};
/* End PBXFrameworksBuildPhase section */

/* Begin PBXGroup section */
		21617C5B1F8231A300DB6A55 = {
			isa = PBXGroup;
			children = (
				21617C661F8231A300DB6A55 /* Calculator_Prototype */,
				21617C651F8231A300DB6A55 /* Products */,
			);
			sourceTree = "<group>";
		};
		21617C651F8231A300DB6A55 /* Products */ = {
			isa = PBXGroup;
			children = (
				21617C641F8231A300DB6A55 /* Calculator_Prototype.app */,
			);
			name = Products;
			sourceTree = "<group>";
		};
		21617C661F8231A300DB6A55 /* Calculator_Prototype */ = {
			isa = PBXGroup;
			children = (
				21617C6B1F8231A300DB6A55 /* Main.storyboard */,
				211196A91F8254D70070C17A /* CalculatorBrain.swift */,
				21821A011FD9E86A00E5E23D /* View Controllers */,
				21821A001FD9E84900E5E23D /* Custom UI elements */,
				218219F51FD9E5F400E5E23D /* Custom Features */,
				21C77DA91F87797800A74B59 /* Support_files */,
			);
			path = Calculator_Prototype;
			sourceTree = "<group>";
		};
		218219F51FD9E5F400E5E23D /* Custom Features */ = {
			isa = PBXGroup;
			children = (
				21821A021FD9E99100E5E23D /* Extensions */,
				21A1F99E1F8B8E0B009AF45A /* CalculatorFeatures.swift */,
				218219FE1FD9E7BD00E5E23D /* OutputProtocol.swift */,
			);
			path = "Custom Features";
			sourceTree = "<group>";
		};
		21821A001FD9E84900E5E23D /* Custom UI elements */ = {
			isa = PBXGroup;
			children = (
				21BEFA271F9B461D00D30C16 /* ButtonStyle.swift */,
			);
			path = "Custom UI elements";
			sourceTree = "<group>";
		};
		21821A011FD9E86A00E5E23D /* View Controllers */ = {
			isa = PBXGroup;
			children = (
				21617C691F8231A300DB6A55 /* CalculatorVC.swift */,
				219081851F8790220041696A /* OutputVC.swift */,
				219081831F878FA40041696A /* InputVC.swift */,
			);
			path = "View Controllers";
			sourceTree = "<group>";
		};
		21821A021FD9E99100E5E23D /* Extensions */ = {
			isa = PBXGroup;
			children = (
				218219F61FD9E6E900E5E23D /* Double.swift */,
				218219F81FD9E6F400E5E23D /* Int.swift */,
				218219FC1FD9E74500E5E23D /* String.swift */,
			);
			path = Extensions;
			sourceTree = "<group>";
		};
		21C77DA91F87797800A74B59 /* Support_files */ = {
			isa = PBXGroup;
			children = (
				21617C671F8231A300DB6A55 /* AppDelegate.swift */,
				21617C6E1F8231A300DB6A55 /* Assets.xcassets */,
				21617C701F8231A300DB6A55 /* LaunchScreen.storyboard */,
				21617C731F8231A300DB6A55 /* Info.plist */,
			);
			path = Support_files;
			sourceTree = "<group>";
		};
/* End PBXGroup section */

/* Begin PBXNativeTarget section */
		21617C631F8231A300DB6A55 /* Calculator_Prototype */ = {
			isa = PBXNativeTarget;
			buildConfigurationList = 21617C761F8231A300DB6A55 /* Build configuration list for PBXNativeTarget "Calculator_Prototype" */;
			buildPhases = (
				21617C601F8231A300DB6A55 /* Sources */,
				21617C611F8231A300DB6A55 /* Frameworks */,
				21617C621F8231A300DB6A55 /* Resources */,
			);
			buildRules = (
			);
			dependencies = (
			);
			name = Calculator_Prototype;
			productName = Calculator_Prototype;
			productReference = 21617C641F8231A300DB6A55 /* Calculator_Prototype.app */;
			productType = "com.apple.product-type.application";
		};
/* End PBXNativeTarget section */

/* Begin PBXProject section */
		21617C5C1F8231A300DB6A55 /* Project object */ = {
			isa = PBXProject;
			attributes = {
				LastSwiftUpdateCheck = 0900;
				LastUpgradeCheck = 0900;
				ORGANIZATIONNAME = "Nazarii Melnyk";
				TargetAttributes = {
					21617C631F8231A300DB6A55 = {
						CreatedOnToolsVersion = 9.0;
						ProvisioningStyle = Automatic;
					};
				};
			};
			buildConfigurationList = 21617C5F1F8231A300DB6A55 /* Build configuration list for PBXProject "Calculator_Prototype" */;
			compatibilityVersion = "Xcode 8.0";
			developmentRegion = en;
			hasScannedForEncodings = 0;
			knownRegions = (
				en,
				Base,
			);
			mainGroup = 21617C5B1F8231A300DB6A55;
			productRefGroup = 21617C651F8231A300DB6A55 /* Products */;
			projectDirPath = "";
			projectRoot = "";
			targets = (
				21617C631F8231A300DB6A55 /* Calculator_Prototype */,
			);
		};
/* End PBXProject section */

/* Begin PBXResourcesBuildPhase section */
		21617C621F8231A300DB6A55 /* Resources */ = {
			isa = PBXResourcesBuildPhase;
			buildActionMask = 2147483647;
			files = (
				21617C721F8231A300DB6A55 /* LaunchScreen.storyboard in Resources */,
				21617C6F1F8231A300DB6A55 /* Assets.xcassets in Resources */,
				21617C6D1F8231A300DB6A55 /* Main.storyboard in Resources */,
			);
			runOnlyForDeploymentPostprocessing = 0;
		};
/* End PBXResourcesBuildPhase section */

/* Begin PBXSourcesBuildPhase section */
		21617C601F8231A300DB6A55 /* Sources */ = {
			isa = PBXSourcesBuildPhase;
			buildActionMask = 2147483647;
			files = (
				219081861F8790220041696A /* OutputVC.swift in Sources */,
				211196AA1F8254D80070C17A /* CalculatorBrain.swift in Sources */,
				218219FD1FD9E74500E5E23D /* String.swift in Sources */,
				218219F71FD9E6E900E5E23D /* Double.swift in Sources */,
				219081841F878FA40041696A /* InputVC.swift in Sources */,
				218219FF1FD9E7BD00E5E23D /* OutputProtocol.swift in Sources */,
				21617C6A1F8231A300DB6A55 /* CalculatorVC.swift in Sources */,
				21A1F99F1F8B8E0B009AF45A /* CalculatorFeatures.swift in Sources */,
				218219F91FD9E6F400E5E23D /* Int.swift in Sources */,
				21617C681F8231A300DB6A55 /* AppDelegate.swift in Sources */,
				21BEFA281F9B461D00D30C16 /* ButtonStyle.swift in Sources */,
			);
			runOnlyForDeploymentPostprocessing = 0;
		};
/* End PBXSourcesBuildPhase section */

/* Begin PBXVariantGroup section */
		21617C6B1F8231A300DB6A55 /* Main.storyboard */ = {
			isa = PBXVariantGroup;
			children = (
				21617C6C1F8231A300DB6A55 /* Base */,
			);
			name = Main.storyboard;
			sourceTree = "<group>";
		};
		21617C701F8231A300DB6A55 /* LaunchScreen.storyboard */ = {
			isa = PBXVariantGroup;
			children = (
				21617C711F8231A300DB6A55 /* Base */,
			);
			name = LaunchScreen.storyboard;
			sourceTree = "<group>";
		};
/* End PBXVariantGroup section */

/* Begin XCBuildConfiguration section */
		21617C741F8231A300DB6A55 /* Debug */ = {
			isa = XCBuildConfiguration;
			buildSettings = {
				ALWAYS_SEARCH_USER_PATHS = NO;
				CLANG_ANALYZER_NONNULL = YES;
				CLANG_ANALYZER_NUMBER_OBJECT_CONVERSION = YES_AGGRESSIVE;
				CLANG_CXX_LANGUAGE_STANDARD = "gnu++14";
				CLANG_CXX_LIBRARY = "libc++";
				CLANG_ENABLE_MODULES = YES;
				CLANG_ENABLE_OBJC_ARC = YES;
				CLANG_WARN_BLOCK_CAPTURE_AUTORELEASING = YES;
				CLANG_WARN_BOOL_CONVERSION = YES;
				CLANG_WARN_COMMA = YES;
				CLANG_WARN_CONSTANT_CONVERSION = YES;
				CLANG_WARN_DIRECT_OBJC_ISA_USAGE = YES_ERROR;
				CLANG_WARN_DOCUMENTATION_COMMENTS = YES;
				CLANG_WARN_EMPTY_BODY = YES;
				CLANG_WARN_ENUM_CONVERSION = YES;
				CLANG_WARN_INFINITE_RECURSION = YES;
				CLANG_WARN_INT_CONVERSION = YES;
				CLANG_WARN_NON_LITERAL_NULL_CONVERSION = YES;
				CLANG_WARN_OBJC_LITERAL_CONVERSION = YES;
				CLANG_WARN_OBJC_ROOT_CLASS = YES_ERROR;
				CLANG_WARN_RANGE_LOOP_ANALYSIS = YES;
				CLANG_WARN_STRICT_PROTOTYPES = YES;
				CLANG_WARN_SUSPICIOUS_MOVE = YES;
				CLANG_WARN_UNGUARDED_AVAILABILITY = YES_AGGRESSIVE;
				CLANG_WARN_UNREACHABLE_CODE = YES;
				CLANG_WARN__DUPLICATE_METHOD_MATCH = YES;
				CODE_SIGN_IDENTITY = "iPhone Developer";
				COPY_PHASE_STRIP = NO;
				DEBUG_INFORMATION_FORMAT = dwarf;
				ENABLE_STRICT_OBJC_MSGSEND = YES;
				ENABLE_TESTABILITY = YES;
				GCC_C_LANGUAGE_STANDARD = gnu11;
				GCC_DYNAMIC_NO_PIC = NO;
				GCC_NO_COMMON_BLOCKS = YES;
				GCC_OPTIMIZATION_LEVEL = 0;
				GCC_PREPROCESSOR_DEFINITIONS = (
					"DEBUG=1",
					"$(inherited)",
				);
				GCC_WARN_64_TO_32_BIT_CONVERSION = YES;
				GCC_WARN_ABOUT_RETURN_TYPE = YES_ERROR;
				GCC_WARN_UNDECLARED_SELECTOR = YES;
				GCC_WARN_UNINITIALIZED_AUTOS = YES_AGGRESSIVE;
				GCC_WARN_UNUSED_FUNCTION = YES;
				GCC_WARN_UNUSED_VARIABLE = YES;
				IPHONEOS_DEPLOYMENT_TARGET = 11.0;
				MTL_ENABLE_DEBUG_INFO = YES;
				ONLY_ACTIVE_ARCH = YES;
				SDKROOT = iphoneos;
				SWIFT_ACTIVE_COMPILATION_CONDITIONS = DEBUG;
				SWIFT_OPTIMIZATION_LEVEL = "-Onone";
			};
			name = Debug;
		};
		21617C751F8231A300DB6A55 /* Release */ = {
			isa = XCBuildConfiguration;
			buildSettings = {
				ALWAYS_SEARCH_USER_PATHS = NO;
				CLANG_ANALYZER_NONNULL = YES;
				CLANG_ANALYZER_NUMBER_OBJECT_CONVERSION = YES_AGGRESSIVE;
				CLANG_CXX_LANGUAGE_STANDARD = "gnu++14";
				CLANG_CXX_LIBRARY = "libc++";
				CLANG_ENABLE_MODULES = YES;
				CLANG_ENABLE_OBJC_ARC = YES;
				CLANG_WARN_BLOCK_CAPTURE_AUTORELEASING = YES;
				CLANG_WARN_BOOL_CONVERSION = YES;
				CLANG_WARN_COMMA = YES;
				CLANG_WARN_CONSTANT_CONVERSION = YES;
				CLANG_WARN_DIRECT_OBJC_ISA_USAGE = YES_ERROR;
				CLANG_WARN_DOCUMENTATION_COMMENTS = YES;
				CLANG_WARN_EMPTY_BODY = YES;
				CLANG_WARN_ENUM_CONVERSION = YES;
				CLANG_WARN_INFINITE_RECURSION = YES;
				CLANG_WARN_INT_CONVERSION = YES;
				CLANG_WARN_NON_LITERAL_NULL_CONVERSION = YES;
				CLANG_WARN_OBJC_LITERAL_CONVERSION = YES;
				CLANG_WARN_OBJC_ROOT_CLASS = YES_ERROR;
				CLANG_WARN_RANGE_LOOP_ANALYSIS = YES;
				CLANG_WARN_STRICT_PROTOTYPES = YES;
				CLANG_WARN_SUSPICIOUS_MOVE = YES;
				CLANG_WARN_UNGUARDED_AVAILABILITY = YES_AGGRESSIVE;
				CLANG_WARN_UNREACHABLE_CODE = YES;
				CLANG_WARN__DUPLICATE_METHOD_MATCH = YES;
				CODE_SIGN_IDENTITY = "iPhone Developer";
				COPY_PHASE_STRIP = NO;
				DEBUG_INFORMATION_FORMAT = "dwarf-with-dsym";
				ENABLE_NS_ASSERTIONS = NO;
				ENABLE_STRICT_OBJC_MSGSEND = YES;
				GCC_C_LANGUAGE_STANDARD = gnu11;
				GCC_NO_COMMON_BLOCKS = YES;
				GCC_WARN_64_TO_32_BIT_CONVERSION = YES;
				GCC_WARN_ABOUT_RETURN_TYPE = YES_ERROR;
				GCC_WARN_UNDECLARED_SELECTOR = YES;
				GCC_WARN_UNINITIALIZED_AUTOS = YES_AGGRESSIVE;
				GCC_WARN_UNUSED_FUNCTION = YES;
				GCC_WARN_UNUSED_VARIABLE = YES;
				IPHONEOS_DEPLOYMENT_TARGET = 11.0;
				MTL_ENABLE_DEBUG_INFO = NO;
				SDKROOT = iphoneos;
				SWIFT_OPTIMIZATION_LEVEL = "-Owholemodule";
				VALIDATE_PRODUCT = YES;
			};
			name = Release;
		};
		21617C771F8231A300DB6A55 /* Debug */ = {
			isa = XCBuildConfiguration;
			buildSettings = {
				ASSETCATALOG_COMPILER_APPICON_NAME = AppIcon;
				CODE_SIGN_STYLE = Automatic;
				DEVELOPMENT_TEAM = 44VNSS7L2X;
				INFOPLIST_FILE = "$(SRCROOT)/Calculator_Prototype/Support_files/Info.plist";
				IPHONEOS_DEPLOYMENT_TARGET = 9.3;
				LD_RUNPATH_SEARCH_PATHS = "$(inherited) @executable_path/Frameworks";
				PRODUCT_BUNDLE_IDENTIFIER = "isidar.Calculator-Prototype";
				PRODUCT_NAME = "$(TARGET_NAME)";
				SWIFT_VERSION = 4.0;
				TARGETED_DEVICE_FAMILY = "1,2";
			};
			name = Debug;
		};
		21617C781F8231A300DB6A55 /* Release */ = {
			isa = XCBuildConfiguration;
			buildSettings = {
				ASSETCATALOG_COMPILER_APPICON_NAME = AppIcon;
				CODE_SIGN_STYLE = Automatic;
				DEVELOPMENT_TEAM = 44VNSS7L2X;
				INFOPLIST_FILE = "$(SRCROOT)/Calculator_Prototype/Support_files/Info.plist";
				IPHONEOS_DEPLOYMENT_TARGET = 9.3;
				LD_RUNPATH_SEARCH_PATHS = "$(inherited) @executable_path/Frameworks";
				PRODUCT_BUNDLE_IDENTIFIER = "isidar.Calculator-Prototype";
				PRODUCT_NAME = "$(TARGET_NAME)";
				SWIFT_VERSION = 4.0;
				TARGETED_DEVICE_FAMILY = "1,2";
			};
			name = Release;
		};
/* End XCBuildConfiguration section */

/* Begin XCConfigurationList section */
		21617C5F1F8231A300DB6A55 /* Build configuration list for PBXProject "Calculator_Prototype" */ = {
			isa = XCConfigurationList;
			buildConfigurations = (
				21617C741F8231A300DB6A55 /* Debug */,
				21617C751F8231A300DB6A55 /* Release */,
			);
			defaultConfigurationIsVisible = 0;
			defaultConfigurationName = Release;
		};
		21617C761F8231A300DB6A55 /* Build configuration list for PBXNativeTarget "Calculator_Prototype" */ = {
			isa = XCConfigurationList;
			buildConfigurations = (
				21617C771F8231A300DB6A55 /* Debug */,
				21617C781F8231A300DB6A55 /* Release */,
			);
			defaultConfigurationIsVisible = 0;
			defaultConfigurationName = Release;
		};
/* End XCConfigurationList section */
	};
	rootObject = 21617C5C1F8231A300DB6A55 /* Project object */;
}
